
Microsoft Visual Studio Solution File, Format Version 12.00
# Visual Studio 2013
VisualStudioVersion = 12.0.31101.0
MinimumVisualStudioVersion = 10.0.40219.1
Project("{FAE04EC0-301F-11D3-BF4B-00C04F79EFBC}") = "Searchinator.Service", "Searchinator.Service\Searchinator.Service.csproj", "{F5061A91-AD1A-4694-BB48-908999C0A4F3}"
EndProject
Project("{FAE04EC0-301F-11D3-BF4B-00C04F79EFBC}") = "Searchinator.Service.Tests", "Searchinator.Service.Tests\Searchinator.Service.Tests.csproj", "{EDF08A53-3077-4A09-AD66-0A6E3BFFF791}"
EndProject
Global
	GlobalSection(SolutionConfigurationPlatforms) = preSolution
		Debug|Any CPU = Debug|Any CPU
		Release|Any CPU = Release|Any CPU
	EndGlobalSection
	GlobalSection(ProjectConfigurationPlatforms) = postSolution
		{F5061A91-AD1A-4694-BB48-908999C0A4F3}.Debug|Any CPU.ActiveCfg = Debug|Any CPU
		{F5061A91-AD1A-4694-BB48-908999C0A4F3}.Debug|Any CPU.Build.0 = Debug|Any CPU
		{F5061A91-AD1A-4694-BB48-908999C0A4F3}.Release|Any CPU.ActiveCfg = Release|Any CPU
		{F5061A91-AD1A-4694-BB48-908999C0A4F3}.Release|Any CPU.Build.0 = Release|Any CPU
		{EDF08A53-3077-4A09-AD66-0A6E3BFFF791}.Debug|Any CPU.ActiveCfg = Debug|Any CPU
		{EDF08A53-3077-4A09-AD66-0A6E3BFFF791}.Debug|Any CPU.Build.0 = Debug|Any CPU
		{EDF08A53-3077-4A09-AD66-0A6E3BFFF791}.Release|Any CPU.ActiveCfg = Release|Any CPU
		{EDF08A53-3077-4A09-AD66-0A6E3BFFF791}.Release|Any CPU.Build.0 = Release|Any CPU
	EndGlobalSection
	GlobalSection(SolutionProperties) = preSolution
		HideSolutionNode = FALSE
	EndGlobalSection
EndGlobal
